{
  "name": "CodoACodo",
  "lockfileVersion": 3,
  "requires": true,
  "packages": {
    "": {
      "dependencies": {
        "notiflix": "^3.2.6",
        "sweetalert2": "^11.7.5"
      }
    },
    "node_modules/notiflix": {
      "version": "3.2.6",
      "resolved": "https://registry.npmjs.org/notiflix/-/notiflix-3.2.6.tgz",
      "integrity": "sha512-mUoaJ/s9E4r8o1O8XRqcuXEylpgOkfXtI5SEkBBlBK+LK7nq1c6qQaQcF7QzS/S018Ww7uUqSZotOs5cHENvVw=="
    },
    "node_modules/sweetalert2": {
      "version": "11.7.5",
      "resolved": "https://registry.npmjs.org/sweetalert2/-/sweetalert2-11.7.5.tgz",
      "integrity": "sha512-RBPKdK8Uf9/bz9r4vy7x6sGqf0MioSXt1po1lAwwcl3AwbjHVTc5S0yud4ZJKU1EhvJFVDrFoqIpHwWERwZJEA==",
      "funding": {
        "type": "individual",
        "url": "https://github.com/sponsors/limonte"
      }
    }
  }
}
